// !$*UTF8*$!
{
	archiveVersion = 1;
	classes = {
	};
	objectVersion = 50;
	objects = {

/* Begin PBXBuildFile section */
		4294B5BC20C070A20021B94E /* AppDelegate.swift in Sources */ = {isa = PBXBuildFile; fileRef = 4294B5BB20C070A20021B94E /* AppDelegate.swift */; };
		4294B5C120C070A20021B94E /* Main.storyboard in Resources */ = {isa = PBXBuildFile; fileRef = 4294B5BF20C070A20021B94E /* Main.storyboard */; };
		4294B5C620C070A20021B94E /* Assets.xcassets in Resources */ = {isa = PBXBuildFile; fileRef = 4294B5C520C070A20021B94E /* Assets.xcassets */; };
		4294B5C920C070A20021B94E /* LaunchScreen.storyboard in Resources */ = {isa = PBXBuildFile; fileRef = 4294B5C720C070A20021B94E /* LaunchScreen.storyboard */; };
		4294B5D420C070A30021B94E /* RadialTests.swift in Sources */ = {isa = PBXBuildFile; fileRef = 4294B5D320C070A30021B94E /* RadialTests.swift */; };
		4294B5DF20C070A30021B94E /* RadialUITests.swift in Sources */ = {isa = PBXBuildFile; fileRef = 4294B5DE20C070A30021B94E /* RadialUITests.swift */; };
		4294B5F320C0716E0021B94E /* Navigator.swift in Sources */ = {isa = PBXBuildFile; fileRef = 4294B5F220C0716E0021B94E /* Navigator.swift */; };
		4294B5F520C071790021B94E /* AppNavigator.swift in Sources */ = {isa = PBXBuildFile; fileRef = 4294B5F420C071790021B94E /* AppNavigator.swift */; };
		4294B5F720C071970021B94E /* MainNavigator.swift in Sources */ = {isa = PBXBuildFile; fileRef = 4294B5F620C071970021B94E /* MainNavigator.swift */; };
		4294B5F920C071B90021B94E /* ViewControllerFactory.swift in Sources */ = {isa = PBXBuildFile; fileRef = 4294B5F820C071B90021B94E /* ViewControllerFactory.swift */; };
		4294B5FB20C071C50021B94E /* DependencyContainer.swift in Sources */ = {isa = PBXBuildFile; fileRef = 4294B5FA20C071C50021B94E /* DependencyContainer.swift */; };
		4294B5FD20C071D90021B94E /* HomeViewController.swift in Sources */ = {isa = PBXBuildFile; fileRef = 4294B5FC20C071D90021B94E /* HomeViewController.swift */; };
		4294B5FF20C072110021B94E /* HomeView.swift in Sources */ = {isa = PBXBuildFile; fileRef = 4294B5FE20C072110021B94E /* HomeView.swift */; };
		4294B60120C072960021B94E /* HomeInteractor.swift in Sources */ = {isa = PBXBuildFile; fileRef = 4294B60020C072960021B94E /* HomeInteractor.swift */; };
		4294B60420C072B50021B94E /* UIViewExtensions.swift in Sources */ = {isa = PBXBuildFile; fileRef = 4294B60320C072B50021B94E /* UIViewExtensions.swift */; };
		4294B60620C072CB0021B94E /* StyleKit.swift in Sources */ = {isa = PBXBuildFile; fileRef = 4294B60520C072CB0021B94E /* StyleKit.swift */; };
		4294B60820C073960021B94E /* ClockView.swift in Sources */ = {isa = PBXBuildFile; fileRef = 4294B60720C073960021B94E /* ClockView.swift */; };
		4294B60E20C07B8C0021B94E /* AddEventViewController.swift in Sources */ = {isa = PBXBuildFile; fileRef = 4294B60D20C07B8C0021B94E /* AddEventViewController.swift */; };
		4294B61020C07B930021B94E /* AddEventView.swift in Sources */ = {isa = PBXBuildFile; fileRef = 4294B60F20C07B930021B94E /* AddEventView.swift */; };
		4294B61220C07B9B0021B94E /* AddEventInteractor.swift in Sources */ = {isa = PBXBuildFile; fileRef = 4294B61120C07B9B0021B94E /* AddEventInteractor.swift */; };
		4294B61420C07FA00021B94E /* UITextFieldExtensions.swift in Sources */ = {isa = PBXBuildFile; fileRef = 4294B61320C07FA00021B94E /* UITextFieldExtensions.swift */; };
		4294B61620C087BC0021B94E /* EventRepository.swift in Sources */ = {isa = PBXBuildFile; fileRef = 4294B61520C087BC0021B94E /* EventRepository.swift */; };
		4294B61820C089BE0021B94E /* Event.swift in Sources */ = {isa = PBXBuildFile; fileRef = 4294B61720C089BE0021B94E /* Event.swift */; };
		4294B61B20C08C2F0021B94E /* EventCoreData.xcdatamodeld in Sources */ = {isa = PBXBuildFile; fileRef = 4294B61920C08C2F0021B94E /* EventCoreData.xcdatamodeld */; };
/* End PBXBuildFile section */

/* Begin PBXContainerItemProxy section */
		4294B5D020C070A30021B94E /* PBXContainerItemProxy */ = {
			isa = PBXContainerItemProxy;
			containerPortal = 4294B5B020C070A20021B94E /* Project object */;
			proxyType = 1;
			remoteGlobalIDString = 4294B5B720C070A20021B94E;
			remoteInfo = Radial;
		};
		4294B5DB20C070A30021B94E /* PBXContainerItemProxy */ = {
			isa = PBXContainerItemProxy;
			containerPortal = 4294B5B020C070A20021B94E /* Project object */;
			proxyType = 1;
			remoteGlobalIDString = 4294B5B720C070A20021B94E;
			remoteInfo = Radial;
		};
/* End PBXContainerItemProxy section */

/* Begin PBXFileReference section */
		4294B5B820C070A20021B94E /* Radial.app */ = {isa = PBXFileReference; explicitFileType = wrapper.application; includeInIndex = 0; path = Radial.app; sourceTree = BUILT_PRODUCTS_DIR; };
		4294B5BB20C070A20021B94E /* AppDelegate.swift */ = {isa = PBXFileReference; lastKnownFileType = sourcecode.swift; path = AppDelegate.swift; sourceTree = "<group>"; };
		4294B5C020C070A20021B94E /* Base */ = {isa = PBXFileReference; lastKnownFileType = file.storyboard; name = Base; path = Base.lproj/Main.storyboard; sourceTree = "<group>"; };
		4294B5C520C070A20021B94E /* Assets.xcassets */ = {isa = PBXFileReference; lastKnownFileType = folder.assetcatalog; path = Assets.xcassets; sourceTree = "<group>"; };
		4294B5C820C070A20021B94E /* Base */ = {isa = PBXFileReference; lastKnownFileType = file.storyboard; name = Base; path = Base.lproj/LaunchScreen.storyboard; sourceTree = "<group>"; };
		4294B5CA20C070A20021B94E /* Info.plist */ = {isa = PBXFileReference; lastKnownFileType = text.plist.xml; path = Info.plist; sourceTree = "<group>"; };
		4294B5CF20C070A30021B94E /* RadialTests.xctest */ = {isa = PBXFileReference; explicitFileType = wrapper.cfbundle; includeInIndex = 0; path = RadialTests.xctest; sourceTree = BUILT_PRODUCTS_DIR; };
		4294B5D320C070A30021B94E /* RadialTests.swift */ = {isa = PBXFileReference; lastKnownFileType = sourcecode.swift; path = RadialTests.swift; sourceTree = "<group>"; };
		4294B5D520C070A30021B94E /* Info.plist */ = {isa = PBXFileReference; lastKnownFileType = text.plist.xml; path = Info.plist; sourceTree = "<group>"; };
		4294B5DA20C070A30021B94E /* RadialUITests.xctest */ = {isa = PBXFileReference; explicitFileType = wrapper.cfbundle; includeInIndex = 0; path = RadialUITests.xctest; sourceTree = BUILT_PRODUCTS_DIR; };
		4294B5DE20C070A30021B94E /* RadialUITests.swift */ = {isa = PBXFileReference; lastKnownFileType = sourcecode.swift; path = RadialUITests.swift; sourceTree = "<group>"; };
		4294B5E020C070A30021B94E /* Info.plist */ = {isa = PBXFileReference; lastKnownFileType = text.plist.xml; path = Info.plist; sourceTree = "<group>"; };
		4294B5F220C0716E0021B94E /* Navigator.swift */ = {isa = PBXFileReference; lastKnownFileType = sourcecode.swift; path = Navigator.swift; sourceTree = "<group>"; };
		4294B5F420C071790021B94E /* AppNavigator.swift */ = {isa = PBXFileReference; lastKnownFileType = sourcecode.swift; path = AppNavigator.swift; sourceTree = "<group>"; };
		4294B5F620C071970021B94E /* MainNavigator.swift */ = {isa = PBXFileReference; lastKnownFileType = sourcecode.swift; path = MainNavigator.swift; sourceTree = "<group>"; };
		4294B5F820C071B90021B94E /* ViewControllerFactory.swift */ = {isa = PBXFileReference; lastKnownFileType = sourcecode.swift; path = ViewControllerFactory.swift; sourceTree = "<group>"; };
		4294B5FA20C071C50021B94E /* DependencyContainer.swift */ = {isa = PBXFileReference; lastKnownFileType = sourcecode.swift; path = DependencyContainer.swift; sourceTree = "<group>"; };
		4294B5FC20C071D90021B94E /* HomeViewController.swift */ = {isa = PBXFileReference; lastKnownFileType = sourcecode.swift; path = HomeViewController.swift; sourceTree = "<group>"; };
		4294B5FE20C072110021B94E /* HomeView.swift */ = {isa = PBXFileReference; lastKnownFileType = sourcecode.swift; path = HomeView.swift; sourceTree = "<group>"; };
		4294B60020C072960021B94E /* HomeInteractor.swift */ = {isa = PBXFileReference; lastKnownFileType = sourcecode.swift; path = HomeInteractor.swift; sourceTree = "<group>"; };
		4294B60320C072B50021B94E /* UIViewExtensions.swift */ = {isa = PBXFileReference; lastKnownFileType = sourcecode.swift; path = UIViewExtensions.swift; sourceTree = "<group>"; };
		4294B60520C072CB0021B94E /* StyleKit.swift */ = {isa = PBXFileReference; lastKnownFileType = sourcecode.swift; path = StyleKit.swift; sourceTree = "<group>"; };
		4294B60720C073960021B94E /* ClockView.swift */ = {isa = PBXFileReference; lastKnownFileType = sourcecode.swift; path = ClockView.swift; sourceTree = "<group>"; };
		4294B60D20C07B8C0021B94E /* AddEventViewController.swift */ = {isa = PBXFileReference; lastKnownFileType = sourcecode.swift; path = AddEventViewController.swift; sourceTree = "<group>"; };
		4294B60F20C07B930021B94E /* AddEventView.swift */ = {isa = PBXFileReference; lastKnownFileType = sourcecode.swift; path = AddEventView.swift; sourceTree = "<group>"; };
		4294B61120C07B9B0021B94E /* AddEventInteractor.swift */ = {isa = PBXFileReference; lastKnownFileType = sourcecode.swift; path = AddEventInteractor.swift; sourceTree = "<group>"; };
		4294B61320C07FA00021B94E /* UITextFieldExtensions.swift */ = {isa = PBXFileReference; lastKnownFileType = sourcecode.swift; path = UITextFieldExtensions.swift; sourceTree = "<group>"; };
		4294B61520C087BC0021B94E /* EventRepository.swift */ = {isa = PBXFileReference; lastKnownFileType = sourcecode.swift; path = EventRepository.swift; sourceTree = "<group>"; };
		4294B61720C089BE0021B94E /* Event.swift */ = {isa = PBXFileReference; lastKnownFileType = sourcecode.swift; path = Event.swift; sourceTree = "<group>"; };
		4294B61A20C08C2F0021B94E /* EventCoreData.xcdatamodel */ = {isa = PBXFileReference; lastKnownFileType = wrapper.xcdatamodel; path = EventCoreData.xcdatamodel; sourceTree = "<group>"; };
/* End PBXFileReference section */

/* Begin PBXFrameworksBuildPhase section */
		4294B5B520C070A20021B94E /* Frameworks */ = {
			isa = PBXFrameworksBuildPhase;
			buildActionMask = 2147483647;
			files = (
			);
			runOnlyForDeploymentPostprocessing = 0;
		};
		4294B5CC20C070A30021B94E /* Frameworks */ = {
			isa = PBXFrameworksBuildPhase;
			buildActionMask = 2147483647;
			files = (
			);
			runOnlyForDeploymentPostprocessing = 0;
		};
		4294B5D720C070A30021B94E /* Frameworks */ = {
			isa = PBXFrameworksBuildPhase;
			buildActionMask = 2147483647;
			files = (
			);
			runOnlyForDeploymentPostprocessing = 0;
		};
/* End PBXFrameworksBuildPhase section */

/* Begin PBXGroup section */
		4294B5AF20C070A20021B94E = {
			isa = PBXGroup;
			children = (
				4294B5BA20C070A20021B94E /* Radial */,
				4294B5D220C070A30021B94E /* RadialTests */,
				4294B5DD20C070A30021B94E /* RadialUITests */,
				4294B5B920C070A20021B94E /* Products */,
			);
			sourceTree = "<group>";
		};
		4294B5B920C070A20021B94E /* Products */ = {
			isa = PBXGroup;
			children = (
				4294B5B820C070A20021B94E /* Radial.app */,
				4294B5CF20C070A30021B94E /* RadialTests.xctest */,
				4294B5DA20C070A30021B94E /* RadialUITests.xctest */,
			);
			name = Products;
			sourceTree = "<group>";
		};
		4294B5BA20C070A20021B94E /* Radial */ = {
			isa = PBXGroup;
			children = (
				4294B60220C072AA0021B94E /* Utils */,
				4294B5F120C071500021B94E /* Storage */,
				4294B5F020C071490021B94E /* Models */,
				4294B5EF20C0713F0021B94E /* Navigation */,
				4294B5EE20C071380021B94E /* Factories */,
				4294B5EC20C071230021B94E /* UI */,
				4294B5BB20C070A20021B94E /* AppDelegate.swift */,
				4294B5BF20C070A20021B94E /* Main.storyboard */,
				4294B5C520C070A20021B94E /* Assets.xcassets */,
				4294B5C720C070A20021B94E /* LaunchScreen.storyboard */,
				4294B5CA20C070A20021B94E /* Info.plist */,
				4294B61920C08C2F0021B94E /* EventCoreData.xcdatamodeld */,
			);
			path = Radial;
			sourceTree = "<group>";
		};
		4294B5D220C070A30021B94E /* RadialTests */ = {
			isa = PBXGroup;
			children = (
				4294B5D320C070A30021B94E /* RadialTests.swift */,
				4294B5D520C070A30021B94E /* Info.plist */,
			);
			path = RadialTests;
			sourceTree = "<group>";
		};
		4294B5DD20C070A30021B94E /* RadialUITests */ = {
			isa = PBXGroup;
			children = (
				4294B5DE20C070A30021B94E /* RadialUITests.swift */,
				4294B5E020C070A30021B94E /* Info.plist */,
			);
			path = RadialUITests;
			sourceTree = "<group>";
		};
		4294B5EC20C071230021B94E /* UI */ = {
			isa = PBXGroup;
			children = (
				4294B60C20C07B7E0021B94E /* AddEvent */,
				4294B5ED20C071280021B94E /* Home */,
			);
			path = UI;
			sourceTree = "<group>";
		};
		4294B5ED20C071280021B94E /* Home */ = {
			isa = PBXGroup;
			children = (
				4294B5FC20C071D90021B94E /* HomeViewController.swift */,
				4294B5FE20C072110021B94E /* HomeView.swift */,
				4294B60020C072960021B94E /* HomeInteractor.swift */,
				4294B60720C073960021B94E /* ClockView.swift */,
			);
			path = Home;
			sourceTree = "<group>";
		};
		4294B5EE20C071380021B94E /* Factories */ = {
			isa = PBXGroup;
			children = (
				4294B5F820C071B90021B94E /* ViewControllerFactory.swift */,
				4294B5FA20C071C50021B94E /* DependencyContainer.swift */,
			);
			path = Factories;
			sourceTree = "<group>";
		};
		4294B5EF20C0713F0021B94E /* Navigation */ = {
			isa = PBXGroup;
			children = (
				4294B5F220C0716E0021B94E /* Navigator.swift */,
				4294B5F420C071790021B94E /* AppNavigator.swift */,
				4294B5F620C071970021B94E /* MainNavigator.swift */,
			);
			path = Navigation;
			sourceTree = "<group>";
		};
		4294B5F020C071490021B94E /* Models */ = {
			isa = PBXGroup;
			children = (
				4294B61720C089BE0021B94E /* Event.swift */,
			);
			path = Models;
			sourceTree = "<group>";
		};
		4294B5F120C071500021B94E /* Storage */ = {
			isa = PBXGroup;
			children = (
				4294B61520C087BC0021B94E /* EventRepository.swift */,
			);
			path = Storage;
			sourceTree = "<group>";
		};
		4294B60220C072AA0021B94E /* Utils */ = {
			isa = PBXGroup;
			children = (
				4294B60320C072B50021B94E /* UIViewExtensions.swift */,
				4294B60520C072CB0021B94E /* StyleKit.swift */,
				4294B61320C07FA00021B94E /* UITextFieldExtensions.swift */,
			);
			path = Utils;
			sourceTree = "<group>";
		};
		4294B60C20C07B7E0021B94E /* AddEvent */ = {
			isa = PBXGroup;
			children = (
				4294B60D20C07B8C0021B94E /* AddEventViewController.swift */,
				4294B60F20C07B930021B94E /* AddEventView.swift */,
				4294B61120C07B9B0021B94E /* AddEventInteractor.swift */,
			);
			path = AddEvent;
			sourceTree = "<group>";
		};
/* End PBXGroup section */

/* Begin PBXNativeTarget section */
		4294B5B720C070A20021B94E /* Radial */ = {
			isa = PBXNativeTarget;
			buildConfigurationList = 4294B5E320C070A30021B94E /* Build configuration list for PBXNativeTarget "Radial" */;
			buildPhases = (
				4294B5B420C070A20021B94E /* Sources */,
				4294B5B520C070A20021B94E /* Frameworks */,
				4294B5B620C070A20021B94E /* Resources */,
			);
			buildRules = (
			);
			dependencies = (
			);
			name = Radial;
			productName = Radial;
			productReference = 4294B5B820C070A20021B94E /* Radial.app */;
			productType = "com.apple.product-type.application";
		};
		4294B5CE20C070A30021B94E /* RadialTests */ = {
			isa = PBXNativeTarget;
			buildConfigurationList = 4294B5E620C070A30021B94E /* Build configuration list for PBXNativeTarget "RadialTests" */;
			buildPhases = (
				4294B5CB20C070A30021B94E /* Sources */,
				4294B5CC20C070A30021B94E /* Frameworks */,
				4294B5CD20C070A30021B94E /* Resources */,
			);
			buildRules = (
			);
			dependencies = (
				4294B5D120C070A30021B94E /* PBXTargetDependency */,
			);
			name = RadialTests;
			productName = RadialTests;
			productReference = 4294B5CF20C070A30021B94E /* RadialTests.xctest */;
			productType = "com.apple.product-type.bundle.unit-test";
		};
		4294B5D920C070A30021B94E /* RadialUITests */ = {
			isa = PBXNativeTarget;
			buildConfigurationList = 4294B5E920C070A30021B94E /* Build configuration list for PBXNativeTarget "RadialUITests" */;
			buildPhases = (
				4294B5D620C070A30021B94E /* Sources */,
				4294B5D720C070A30021B94E /* Frameworks */,
				4294B5D820C070A30021B94E /* Resources */,
			);
			buildRules = (
			);
			dependencies = (
				4294B5DC20C070A30021B94E /* PBXTargetDependency */,
			);
			name = RadialUITests;
			productName = RadialUITests;
			productReference = 4294B5DA20C070A30021B94E /* RadialUITests.xctest */;
			productType = "com.apple.product-type.bundle.ui-testing";
		};
/* End PBXNativeTarget section */

/* Begin PBXProject section */
		4294B5B020C070A20021B94E /* Project object */ = {
			isa = PBXProject;
			attributes = {
				LastSwiftUpdateCheck = 0930;
				LastUpgradeCheck = 0930;
				ORGANIZATIONNAME = "Michael Remondi";
				TargetAttributes = {
					4294B5B720C070A20021B94E = {
						CreatedOnToolsVersion = 9.3.1;
					};
					4294B5CE20C070A30021B94E = {
						CreatedOnToolsVersion = 9.3.1;
						TestTargetID = 4294B5B720C070A20021B94E;
					};
					4294B5D920C070A30021B94E = {
						CreatedOnToolsVersion = 9.3.1;
						TestTargetID = 4294B5B720C070A20021B94E;
					};
				};
			};
			buildConfigurationList = 4294B5B320C070A20021B94E /* Build configuration list for PBXProject "Radial" */;
			compatibilityVersion = "Xcode 9.3";
			developmentRegion = en;
			hasScannedForEncodings = 0;
			knownRegions = (
				en,
				Base,
			);
			mainGroup = 4294B5AF20C070A20021B94E;
			productRefGroup = 4294B5B920C070A20021B94E /* Products */;
			projectDirPath = "";
			projectRoot = "";
			targets = (
				4294B5B720C070A20021B94E /* Radial */,
				4294B5CE20C070A30021B94E /* RadialTests */,
				4294B5D920C070A30021B94E /* RadialUITests */,
			);
		};
/* End PBXProject section */

/* Begin PBXResourcesBuildPhase section */
		4294B5B620C070A20021B94E /* Resources */ = {
			isa = PBXResourcesBuildPhase;
			buildActionMask = 2147483647;
			files = (
				4294B5C920C070A20021B94E /* LaunchScreen.storyboard in Resources */,
				4294B5C620C070A20021B94E /* Assets.xcassets in Resources */,
				4294B5C120C070A20021B94E /* Main.storyboard in Resources */,
			);
			runOnlyForDeploymentPostprocessing = 0;
		};
		4294B5CD20C070A30021B94E /* Resources */ = {
			isa = PBXResourcesBuildPhase;
			buildActionMask = 2147483647;
			files = (
			);
			runOnlyForDeploymentPostprocessing = 0;
		};
		4294B5D820C070A30021B94E /* Resources */ = {
			isa = PBXResourcesBuildPhase;
			buildActionMask = 2147483647;
			files = (
			);
			runOnlyForDeploymentPostprocessing = 0;
		};
/* End PBXResourcesBuildPhase section */

/* Begin PBXSourcesBuildPhase section */
		4294B5B420C070A20021B94E /* Sources */ = {
			isa = PBXSourcesBuildPhase;
			buildActionMask = 2147483647;
			files = (
				4294B60620C072CB0021B94E /* StyleKit.swift in Sources */,
				4294B60E20C07B8C0021B94E /* AddEventViewController.swift in Sources */,
				4294B60120C072960021B94E /* HomeInteractor.swift in Sources */,
				4294B61620C087BC0021B94E /* EventRepository.swift in Sources */,
				4294B5F920C071B90021B94E /* ViewControllerFactory.swift in Sources */,
				4294B61420C07FA00021B94E /* UITextFieldExtensions.swift in Sources */,
				4294B61820C089BE0021B94E /* Event.swift in Sources */,
				4294B5F720C071970021B94E /* MainNavigator.swift in Sources */,
				4294B5FF20C072110021B94E /* HomeView.swift in Sources */,
				4294B5F320C0716E0021B94E /* Navigator.swift in Sources */,
				4294B5FD20C071D90021B94E /* HomeViewController.swift in Sources */,
				4294B61020C07B930021B94E /* AddEventView.swift in Sources */,
				4294B5F520C071790021B94E /* AppNavigator.swift in Sources */,
				4294B5FB20C071C50021B94E /* DependencyContainer.swift in Sources */,
				4294B61220C07B9B0021B94E /* AddEventInteractor.swift in Sources */,
				4294B61B20C08C2F0021B94E /* EventCoreData.xcdatamodeld in Sources */,
				4294B60820C073960021B94E /* ClockView.swift in Sources */,
				4294B60420C072B50021B94E /* UIViewExtensions.swift in Sources */,
				4294B5BC20C070A20021B94E /* AppDelegate.swift in Sources */,
			);
			runOnlyForDeploymentPostprocessing = 0;
		};
		4294B5CB20C070A30021B94E /* Sources */ = {
			isa = PBXSourcesBuildPhase;
			buildActionMask = 2147483647;
			files = (
				4294B5D420C070A30021B94E /* RadialTests.swift in Sources */,
			);
			runOnlyForDeploymentPostprocessing = 0;
		};
		4294B5D620C070A30021B94E /* Sources */ = {
			isa = PBXSourcesBuildPhase;
			buildActionMask = 2147483647;
			files = (
				4294B5DF20C070A30021B94E /* RadialUITests.swift in Sources */,
			);
			runOnlyForDeploymentPostprocessing = 0;
		};
/* End PBXSourcesBuildPhase section */

/* Begin PBXTargetDependency section */
		4294B5D120C070A30021B94E /* PBXTargetDependency */ = {
			isa = PBXTargetDependency;
			target = 4294B5B720C070A20021B94E /* Radial */;
			targetProxy = 4294B5D020C070A30021B94E /* PBXContainerItemProxy */;
		};
		4294B5DC20C070A30021B94E /* PBXTargetDependency */ = {
			isa = PBXTargetDependency;
			target = 4294B5B720C070A20021B94E /* Radial */;
			targetProxy = 4294B5DB20C070A30021B94E /* PBXContainerItemProxy */;
		};
/* End PBXTargetDependency section */

/* Begin PBXVariantGroup section */
		4294B5BF20C070A20021B94E /* Main.storyboard */ = {
			isa = PBXVariantGroup;
			children = (
				4294B5C020C070A20021B94E /* Base */,
			);
			name = Main.storyboard;
			sourceTree = "<group>";
		};
		4294B5C720C070A20021B94E /* LaunchScreen.storyboard */ = {
			isa = PBXVariantGroup;
			children = (
				4294B5C820C070A20021B94E /* Base */,
			);
			name = LaunchScreen.storyboard;
			sourceTree = "<group>";
		};
/* End PBXVariantGroup section */

/* Begin XCBuildConfiguration section */
		4294B5E120C070A30021B94E /* Debug */ = {
			isa = XCBuildConfiguration;
			buildSettings = {
				ALWAYS_SEARCH_USER_PATHS = NO;
				CLANG_ANALYZER_NONNULL = YES;
				CLANG_ANALYZER_NUMBER_OBJECT_CONVERSION = YES_AGGRESSIVE;
				CLANG_CXX_LANGUAGE_STANDARD = "gnu++14";
				CLANG_CXX_LIBRARY = "libc++";
				CLANG_ENABLE_MODULES = YES;
				CLANG_ENABLE_OBJC_ARC = YES;
				CLANG_ENABLE_OBJC_WEAK = YES;
				CLANG_WARN_BLOCK_CAPTURE_AUTORELEASING = YES;
				CLANG_WARN_BOOL_CONVERSION = YES;
				CLANG_WARN_COMMA = YES;
				CLANG_WARN_CONSTANT_CONVERSION = YES;
				CLANG_WARN_DEPRECATED_OBJC_IMPLEMENTATIONS = YES;
				CLANG_WARN_DIRECT_OBJC_ISA_USAGE = YES_ERROR;
				CLANG_WARN_DOCUMENTATION_COMMENTS = YES;
				CLANG_WARN_EMPTY_BODY = YES;
				CLANG_WARN_ENUM_CONVERSION = YES;
				CLANG_WARN_INFINITE_RECURSION = YES;
				CLANG_WARN_INT_CONVERSION = YES;
				CLANG_WARN_NON_LITERAL_NULL_CONVERSION = YES;
				CLANG_WARN_OBJC_IMPLICIT_RETAIN_SELF = YES;
				CLANG_WARN_OBJC_LITERAL_CONVERSION = YES;
				CLANG_WARN_OBJC_ROOT_CLASS = YES_ERROR;
				CLANG_WARN_RANGE_LOOP_ANALYSIS = YES;
				CLANG_WARN_STRICT_PROTOTYPES = YES;
				CLANG_WARN_SUSPICIOUS_MOVE = YES;
				CLANG_WARN_UNGUARDED_AVAILABILITY = YES_AGGRESSIVE;
				CLANG_WARN_UNREACHABLE_CODE = YES;
				CLANG_WARN__DUPLICATE_METHOD_MATCH = YES;
				CODE_SIGN_IDENTITY = "iPhone Developer";
				COPY_PHASE_STRIP = NO;
				DEBUG_INFORMATION_FORMAT = dwarf;
				ENABLE_STRICT_OBJC_MSGSEND = YES;
				ENABLE_TESTABILITY = YES;
				GCC_C_LANGUAGE_STANDARD = gnu11;
				GCC_DYNAMIC_NO_PIC = NO;
				GCC_NO_COMMON_BLOCKS = YES;
				GCC_OPTIMIZATION_LEVEL = 0;
				GCC_PREPROCESSOR_DEFINITIONS = (
					"DEBUG=1",
					"$(inherited)",
				);
				GCC_WARN_64_TO_32_BIT_CONVERSION = YES;
				GCC_WARN_ABOUT_RETURN_TYPE = YES_ERROR;
				GCC_WARN_UNDECLARED_SELECTOR = YES;
				GCC_WARN_UNINITIALIZED_AUTOS = YES_AGGRESSIVE;
				GCC_WARN_UNUSED_FUNCTION = YES;
				GCC_WARN_UNUSED_VARIABLE = YES;
				IPHONEOS_DEPLOYMENT_TARGET = 11.3;
				MTL_ENABLE_DEBUG_INFO = YES;
				ONLY_ACTIVE_ARCH = YES;
				SDKROOT = iphoneos;
				SWIFT_ACTIVE_COMPILATION_CONDITIONS = DEBUG;
				SWIFT_OPTIMIZATION_LEVEL = "-Onone";
			};
			name = Debug;
		};
		4294B5E220C070A30021B94E /* Release */ = {
			isa = XCBuildConfiguration;
			buildSettings = {
				ALWAYS_SEARCH_USER_PATHS = NO;
				CLANG_ANALYZER_NONNULL = YES;
				CLANG_ANALYZER_NUMBER_OBJECT_CONVERSION = YES_AGGRESSIVE;
				CLANG_CXX_LANGUAGE_STANDARD = "gnu++14";
				CLANG_CXX_LIBRARY = "libc++";
				CLANG_ENABLE_MODULES = YES;
				CLANG_ENABLE_OBJC_ARC = YES;
				CLANG_ENABLE_OBJC_WEAK = YES;
				CLANG_WARN_BLOCK_CAPTURE_AUTORELEASING = YES;
				CLANG_WARN_BOOL_CONVERSION = YES;
				CLANG_WARN_COMMA = YES;
				CLANG_WARN_CONSTANT_CONVERSION = YES;
				CLANG_WARN_DEPRECATED_OBJC_IMPLEMENTATIONS = YES;
				CLANG_WARN_DIRECT_OBJC_ISA_USAGE = YES_ERROR;
				CLANG_WARN_DOCUMENTATION_COMMENTS = YES;
				CLANG_WARN_EMPTY_BODY = YES;
				CLANG_WARN_ENUM_CONVERSION = YES;
				CLANG_WARN_INFINITE_RECURSION = YES;
				CLANG_WARN_INT_CONVERSION = YES;
				CLANG_WARN_NON_LITERAL_NULL_CONVERSION = YES;
				CLANG_WARN_OBJC_IMPLICIT_RETAIN_SELF = YES;
				CLANG_WARN_OBJC_LITERAL_CONVERSION = YES;
				CLANG_WARN_OBJC_ROOT_CLASS = YES_ERROR;
				CLANG_WARN_RANGE_LOOP_ANALYSIS = YES;
				CLANG_WARN_STRICT_PROTOTYPES = YES;
				CLANG_WARN_SUSPICIOUS_MOVE = YES;
				CLANG_WARN_UNGUARDED_AVAILABILITY = YES_AGGRESSIVE;
				CLANG_WARN_UNREACHABLE_CODE = YES;
				CLANG_WARN__DUPLICATE_METHOD_MATCH = YES;
				CODE_SIGN_IDENTITY = "iPhone Developer";
				COPY_PHASE_STRIP = NO;
				DEBUG_INFORMATION_FORMAT = "dwarf-with-dsym";
				ENABLE_NS_ASSERTIONS = NO;
				ENABLE_STRICT_OBJC_MSGSEND = YES;
				GCC_C_LANGUAGE_STANDARD = gnu11;
				GCC_NO_COMMON_BLOCKS = YES;
				GCC_WARN_64_TO_32_BIT_CONVERSION = YES;
				GCC_WARN_ABOUT_RETURN_TYPE = YES_ERROR;
				GCC_WARN_UNDECLARED_SELECTOR = YES;
				GCC_WARN_UNINITIALIZED_AUTOS = YES_AGGRESSIVE;
				GCC_WARN_UNUSED_FUNCTION = YES;
				GCC_WARN_UNUSED_VARIABLE = YES;
				IPHONEOS_DEPLOYMENT_TARGET = 11.3;
				MTL_ENABLE_DEBUG_INFO = NO;
				SDKROOT = iphoneos;
				SWIFT_COMPILATION_MODE = wholemodule;
				SWIFT_OPTIMIZATION_LEVEL = "-O";
				VALIDATE_PRODUCT = YES;
			};
			name = Release;
		};
		4294B5E420C070A30021B94E /* Debug */ = {
			isa = XCBuildConfiguration;
			buildSettings = {
				ASSETCATALOG_COMPILER_APPICON_NAME = AppIcon;
				CODE_SIGN_STYLE = Automatic;
				DEVELOPMENT_TEAM = S3U63VAY3H;
				INFOPLIST_FILE = Radial/Info.plist;
				LD_RUNPATH_SEARCH_PATHS = (
					"$(inherited)",
					"@executable_path/Frameworks",
				);
				PRODUCT_BUNDLE_IDENTIFIER = com.michaelremondi.Radial;
				PRODUCT_NAME = "$(TARGET_NAME)";
				SWIFT_VERSION = 4.0;
				TARGETED_DEVICE_FAMILY = "1,2";
			};
			name = Debug;
		};
		4294B5E520C070A30021B94E /* Release */ = {
			isa = XCBuildConfiguration;
			buildSettings = {
				ASSETCATALOG_COMPILER_APPICON_NAME = AppIcon;
				CODE_SIGN_STYLE = Automatic;
				DEVELOPMENT_TEAM = S3U63VAY3H;
				INFOPLIST_FILE = Radial/Info.plist;
				LD_RUNPATH_SEARCH_PATHS = (
					"$(inherited)",
					"@executable_path/Frameworks",
				);
				PRODUCT_BUNDLE_IDENTIFIER = com.michaelremondi.Radial;
				PRODUCT_NAME = "$(TARGET_NAME)";
				SWIFT_VERSION = 4.0;
				TARGETED_DEVICE_FAMILY = "1,2";
			};
			name = Release;
		};
		4294B5E720C070A30021B94E /* Debug */ = {
			isa = XCBuildConfiguration;
			buildSettings = {
				ALWAYS_EMBED_SWIFT_STANDARD_LIBRARIES = YES;
				BUNDLE_LOADER = "$(TEST_HOST)";
				CODE_SIGN_STYLE = Automatic;
				DEVELOPMENT_TEAM = S3U63VAY3H;
				INFOPLIST_FILE = RadialTests/Info.plist;
				LD_RUNPATH_SEARCH_PATHS = (
					"$(inherited)",
					"@executable_path/Frameworks",
					"@loader_path/Frameworks",
				);
				PRODUCT_BUNDLE_IDENTIFIER = com.michaelremondi.RadialTests;
				PRODUCT_NAME = "$(TARGET_NAME)";
				SWIFT_VERSION = 4.0;
				TARGETED_DEVICE_FAMILY = "1,2";
				TEST_HOST = "$(BUILT_PRODUCTS_DIR)/Radial.app/Radial";
			};
			name = Debug;
		};
		4294B5E820C070A30021B94E /* Release */ = {
			isa = XCBuildConfiguration;
			buildSettings = {
				ALWAYS_EMBED_SWIFT_STANDARD_LIBRARIES = YES;
				BUNDLE_LOADER = "$(TEST_HOST)";
				CODE_SIGN_STYLE = Automatic;
				DEVELOPMENT_TEAM = S3U63VAY3H;
				INFOPLIST_FILE = RadialTests/Info.plist;
				LD_RUNPATH_SEARCH_PATHS = (
					"$(inherited)",
					"@executable_path/Frameworks",
					"@loader_path/Frameworks",
				);
				PRODUCT_BUNDLE_IDENTIFIER = com.michaelremondi.RadialTests;
				PRODUCT_NAME = "$(TARGET_NAME)";
				SWIFT_VERSION = 4.0;
				TARGETED_DEVICE_FAMILY = "1,2";
				TEST_HOST = "$(BUILT_PRODUCTS_DIR)/Radial.app/Radial";
			};
			name = Release;
		};
		4294B5EA20C070A30021B94E /* Debug */ = {
			isa = XCBuildConfiguration;
			buildSettings = {
				ALWAYS_EMBED_SWIFT_STANDARD_LIBRARIES = YES;
				CODE_SIGN_STYLE = Automatic;
				DEVELOPMENT_TEAM = S3U63VAY3H;
				INFOPLIST_FILE = RadialUITests/Info.plist;
				LD_RUNPATH_SEARCH_PATHS = (
					"$(inherited)",
					"@executable_path/Frameworks",
					"@loader_path/Frameworks",
				);
				PRODUCT_BUNDLE_IDENTIFIER = com.michaelremondi.RadialUITests;
				PRODUCT_NAME = "$(TARGET_NAME)";
				SWIFT_VERSION = 4.0;
				TARGETED_DEVICE_FAMILY = "1,2";
				TEST_TARGET_NAME = Radial;
			};
			name = Debug;
		};
		4294B5EB20C070A30021B94E /* Release */ = {
			isa = XCBuildConfiguration;
			buildSettings = {
				ALWAYS_EMBED_SWIFT_STANDARD_LIBRARIES = YES;
				CODE_SIGN_STYLE = Automatic;
				DEVELOPMENT_TEAM = S3U63VAY3H;
				INFOPLIST_FILE = RadialUITests/Info.plist;
				LD_RUNPATH_SEARCH_PATHS = (
					"$(inherited)",
					"@executable_path/Frameworks",
					"@loader_path/Frameworks",
				);
				PRODUCT_BUNDLE_IDENTIFIER = com.michaelremondi.RadialUITests;
				PRODUCT_NAME = "$(TARGET_NAME)";
				SWIFT_VERSION = 4.0;
				TARGETED_DEVICE_FAMILY = "1,2";
				TEST_TARGET_NAME = Radial;
			};
			name = Release;
		};
/* End XCBuildConfiguration section */

/* Begin XCConfigurationList section */
		4294B5B320C070A20021B94E /* Build configuration list for PBXProject "Radial" */ = {
			isa = XCConfigurationList;
			buildConfigurations = (
				4294B5E120C070A30021B94E /* Debug */,
				4294B5E220C070A30021B94E /* Release */,
			);
			defaultConfigurationIsVisible = 0;
			defaultConfigurationName = Release;
		};
		4294B5E320C070A30021B94E /* Build configuration list for PBXNativeTarget "Radial" */ = {
			isa = XCConfigurationList;
			buildConfigurations = (
				4294B5E420C070A30021B94E /* Debug */,
				4294B5E520C070A30021B94E /* Release */,
			);
			defaultConfigurationIsVisible = 0;
			defaultConfigurationName = Release;
		};
		4294B5E620C070A30021B94E /* Build configuration list for PBXNativeTarget "RadialTests" */ = {
			isa = XCConfigurationList;
			buildConfigurations = (
				4294B5E720C070A30021B94E /* Debug */,
				4294B5E820C070A30021B94E /* Release */,
			);
			defaultConfigurationIsVisible = 0;
			defaultConfigurationName = Release;
		};
		4294B5E920C070A30021B94E /* Build configuration list for PBXNativeTarget "RadialUITests" */ = {
			isa = XCConfigurationList;
			buildConfigurations = (
				4294B5EA20C070A30021B94E /* Debug */,
				4294B5EB20C070A30021B94E /* Release */,
			);
			defaultConfigurationIsVisible = 0;
			defaultConfigurationName = Release;
		};
/* End XCConfigurationList section */

/* Begin XCVersionGroup section */
		4294B61920C08C2F0021B94E /* EventCoreData.xcdatamodeld */ = {
			isa = XCVersionGroup;
			children = (
				4294B61A20C08C2F0021B94E /* EventCoreData.xcdatamodel */,
			);
			currentVersion = 4294B61A20C08C2F0021B94E /* EventCoreData.xcdatamodel */;
			path = EventCoreData.xcdatamodeld;
			sourceTree = "<group>";
			versionGroupType = wrapper.xcdatamodel;
		};
/* End XCVersionGroup section */
	};
	rootObject = 4294B5B020C070A20021B94E /* Project object */;
}
